// !$*UTF8*$!
{
	archiveVersion = 1;
	classes = {
	};
	objectVersion = 46;
	objects = {

/* Begin PBXBuildFile section */
		6D022DEA1598EBF30030B45F /* main_icon.icns in Resources */ = {isa = PBXBuildFile; fileRef = 6D022DE91598EBF30030B45F /* main_icon.icns */; };
		6D2800BC13760D3E00BD8D0D /* Cocoa.framework in Frameworks */ = {isa = PBXBuildFile; fileRef = 6D2800BB13760D3E00BD8D0D /* Cocoa.framework */; };
		6D2800C613760D3E00BD8D0D /* InfoPlist.strings in Resources */ = {isa = PBXBuildFile; fileRef = 6D2800C413760D3E00BD8D0D /* InfoPlist.strings */; };
		6D2800C913760D3E00BD8D0D /* main.m in Sources */ = {isa = PBXBuildFile; fileRef = 6D2800C813760D3E00BD8D0D /* main.m */; };
		6D2800CC13760D3E00BD8D0D /* Credits.rtf in Resources */ = {isa = PBXBuildFile; fileRef = 6D2800CA13760D3E00BD8D0D /* Credits.rtf */; };
		6D2800CF13760D3E00BD8D0D /* PolycodeTemplateAppDelegate.mm in Sources */ = {isa = PBXBuildFile; fileRef = 6D2800CE13760D3E00BD8D0D /* PolycodeTemplateAppDelegate.mm */; };
		6D2800D213760D3E00BD8D0D /* MainMenu.xib in Resources */ = {isa = PBXBuildFile; fileRef = 6D2800D013760D3E00BD8D0D /* MainMenu.xib */; };
		6D2800E113760D7400BD8D0D /* libPolyCore.a in Frameworks */ = {isa = PBXBuildFile; fileRef = 6D2800E013760D7400BD8D0D /* libPolyCore.a */; };
		6D2800F213760DD500BD8D0D /* OpenGL.framework in Frameworks */ = {isa = PBXBuildFile; fileRef = 6D2800F113760DD500BD8D0D /* OpenGL.framework */; };
		6D2800F413760DDA00BD8D0D /* OpenAL.framework in Frameworks */ = {isa = PBXBuildFile; fileRef = 6D2800F313760DDA00BD8D0D /* OpenAL.framework */; };
		6D2800F613760DE400BD8D0D /* IOKit.framework in Frameworks */ = {isa = PBXBuildFile; fileRef = 6D2800F513760DE400BD8D0D /* IOKit.framework */; };
		6D2800F913760E7C00BD8D0D /* PolycodeView.mm in Sources */ = {isa = PBXBuildFile; fileRef = 6D2800F813760E7C00BD8D0D /* PolycodeView.mm */; };
		6D2800FC13760F2C00BD8D0D /* PolycodeTemplateApp.mm in Sources */ = {isa = PBXBuildFile; fileRef = 6D2800FA13760F2C00BD8D0D /* PolycodeTemplateApp.mm */; };
		6D2800FE13760FC400BD8D0D /* default.pak in Resources */ = {isa = PBXBuildFile; fileRef = 6D2800FD13760FC400BD8D0D /* default.pak */; };
		6DE4C7F513E24B92009A9862 /* libfreetype.a in Frameworks */ = {isa = PBXBuildFile; fileRef = 6DE4C7EE13E24B92009A9862 /* libfreetype.a */; };
		6DE4C7F613E24B92009A9862 /* liblibogg.a in Frameworks */ = {isa = PBXBuildFile; fileRef = 6DE4C7EF13E24B92009A9862 /* liblibogg.a */; };
		6DE4C7F713E24B92009A9862 /* liblibvorbis.a in Frameworks */ = {isa = PBXBuildFile; fileRef = 6DE4C7F013E24B92009A9862 /* liblibvorbis.a */; };
		6DE4C7F813E24B92009A9862 /* liblibvorbisfile.a in Frameworks */ = {isa = PBXBuildFile; fileRef = 6DE4C7F113E24B92009A9862 /* liblibvorbisfile.a */; };
		6DE4C7F913E24B92009A9862 /* libphysfs.a in Frameworks */ = {isa = PBXBuildFile; fileRef = 6DE4C7F213E24B92009A9862 /* libphysfs.a */; };
		6DE4C7FA13E24B92009A9862 /* libpng15.a in Frameworks */ = {isa = PBXBuildFile; fileRef = 6DE4C7F313E24B92009A9862 /* libpng15.a */; };
		6DE4C7FB13E24B92009A9862 /* libz.a in Frameworks */ = {isa = PBXBuildFile; fileRef = 6DE4C7F413E24B92009A9862 /* libz.a */; };
/* End PBXBuildFile section */

/* Begin PBXFileReference section */
		6D022DE91598EBF30030B45F /* main_icon.icns */ = {isa = PBXFileReference; lastKnownFileType = image.icns; path = main_icon.icns; sourceTree = "<group>"; };
		6D2800B713760D3E00BD8D0D /* PolycodeTemplate.app */ = {isa = PBXFileReference; explicitFileType = wrapper.application; includeInIndex = 0; path = PolycodeTemplate.app; sourceTree = BUILT_PRODUCTS_DIR; };
		6D2800BB13760D3E00BD8D0D /* Cocoa.framework */ = {isa = PBXFileReference; lastKnownFileType = wrapper.framework; name = Cocoa.framework; path = System/Library/Frameworks/Cocoa.framework; sourceTree = SDKROOT; };
		6D2800BE13760D3E00BD8D0D /* AppKit.framework */ = {isa = PBXFileReference; lastKnownFileType = wrapper.framework; name = AppKit.framework; path = System/Library/Frameworks/AppKit.framework; sourceTree = SDKROOT; };
		6D2800BF13760D3E00BD8D0D /* CoreData.framework */ = {isa = PBXFileReference; lastKnownFileType = wrapper.framework; name = CoreData.framework; path = System/Library/Frameworks/CoreData.framework; sourceTree = SDKROOT; };
		6D2800C013760D3E00BD8D0D /* Foundation.framework */ = {isa = PBXFileReference; lastKnownFileType = wrapper.framework; name = Foundation.framework; path = System/Library/Frameworks/Foundation.framework; sourceTree = SDKROOT; };
		6D2800C313760D3E00BD8D0D /* PolycodeTemplate-Info.plist */ = {isa = PBXFileReference; lastKnownFileType = text.plist.xml; path = "PolycodeTemplate-Info.plist"; sourceTree = "<group>"; };
		6D2800C513760D3E00BD8D0D /* en */ = {isa = PBXFileReference; lastKnownFileType = text.plist.strings; name = en; path = en.lproj/InfoPlist.strings; sourceTree = "<group>"; };
		6D2800C713760D3E00BD8D0D /* PolycodeTemplate-Prefix.pch */ = {isa = PBXFileReference; lastKnownFileType = sourcecode.c.h; path = "PolycodeTemplate-Prefix.pch"; sourceTree = "<group>"; };
		6D2800C813760D3E00BD8D0D /* main.m */ = {isa = PBXFileReference; lastKnownFileType = sourcecode.c.objc; path = main.m; sourceTree = "<group>"; };
		6D2800CB13760D3E00BD8D0D /* en */ = {isa = PBXFileReference; lastKnownFileType = text.rtf; name = en; path = en.lproj/Credits.rtf; sourceTree = "<group>"; };
		6D2800CD13760D3E00BD8D0D /* PolycodeTemplateAppDelegate.h */ = {isa = PBXFileReference; lastKnownFileType = sourcecode.c.h; path = PolycodeTemplateAppDelegate.h; sourceTree = "<group>"; };
		6D2800CE13760D3E00BD8D0D /* PolycodeTemplateAppDelegate.mm */ = {isa = PBXFileReference; lastKnownFileType = sourcecode.cpp.objcpp; path = PolycodeTemplateAppDelegate.mm; sourceTree = "<group>"; };
		6D2800D113760D3E00BD8D0D /* en */ = {isa = PBXFileReference; lastKnownFileType = file.xib; name = en; path = en.lproj/MainMenu.xib; sourceTree = "<group>"; };
		6D2800E013760D7400BD8D0D /* libPolyCore.a */ = {isa = PBXFileReference; lastKnownFileType = archive.ar; name = libPolyCore.a; path = ../../Core/Lib/libPolyCore.a; sourceTree = "<group>"; };
		6D2800F113760DD500BD8D0D /* OpenGL.framework */ = {isa = PBXFileReference; lastKnownFileType = wrapper.framework; name = OpenGL.framework; path = System/Library/Frameworks/OpenGL.framework; sourceTree = SDKROOT; };
		6D2800F313760DDA00BD8D0D /* OpenAL.framework */ = {isa = PBXFileReference; lastKnownFileType = wrapper.framework; name = OpenAL.framework; path = System/Library/Frameworks/OpenAL.framework; sourceTree = SDKROOT; };
		6D2800F513760DE400BD8D0D /* IOKit.framework */ = {isa = PBXFileReference; lastKnownFileType = wrapper.framework; name = IOKit.framework; path = System/Library/Frameworks/IOKit.framework; sourceTree = SDKROOT; };
		6D2800F713760E7C00BD8D0D /* PolycodeView.h */ = {isa = PBXFileReference; fileEncoding = 4; lastKnownFileType = sourcecode.c.h; name = PolycodeView.h; path = ../../../Core/PolycodeView/PolycodeView.h; sourceTree = "<group>"; };
		6D2800F813760E7C00BD8D0D /* PolycodeView.mm */ = {isa = PBXFileReference; fileEncoding = 4; lastKnownFileType = sourcecode.cpp.objcpp; name = PolycodeView.mm; path = ../../../Core/PolycodeView/PolycodeView.mm; sourceTree = "<group>"; };
		6D2800FA13760F2C00BD8D0D /* PolycodeTemplateApp.mm */ = {isa = PBXFileReference; fileEncoding = 4; lastKnownFileType = sourcecode.cpp.objcpp; path = PolycodeTemplateApp.mm; sourceTree = "<group>"; };
		6D2800FB13760F2C00BD8D0D /* PolycodeTemplateApp.h */ = {isa = PBXFileReference; fileEncoding = 4; lastKnownFileType = sourcecode.c.h; path = PolycodeTemplateApp.h; sourceTree = "<group>"; };
		6D2800FD13760FC400BD8D0D /* default.pak */ = {isa = PBXFileReference; lastKnownFileType = file; name = default.pak; path = ../../../Core/Assets/default.pak; sourceTree = "<group>"; };
		6DE4C7EE13E24B92009A9862 /* libfreetype.a */ = {isa = PBXFileReference; lastKnownFileType = archive.ar; name = libfreetype.a; path = ../../Core/Dependencies/lib/libfreetype.a; sourceTree = "<group>"; };
		6DE4C7EF13E24B92009A9862 /* liblibogg.a */ = {isa = PBXFileReference; lastKnownFileType = archive.ar; name = liblibogg.a; path = ../../Core/Dependencies/lib/liblibogg.a; sourceTree = "<group>"; };
		6DE4C7F013E24B92009A9862 /* liblibvorbis.a */ = {isa = PBXFileReference; lastKnownFileType = archive.ar; name = liblibvorbis.a; path = ../../Core/Dependencies/lib/liblibvorbis.a; sourceTree = "<group>"; };
		6DE4C7F113E24B92009A9862 /* liblibvorbisfile.a */ = {isa = PBXFileReference; lastKnownFileType = archive.ar; name = liblibvorbisfile.a; path = ../../Core/Dependencies/lib/liblibvorbisfile.a; sourceTree = "<group>"; };
		6DE4C7F213E24B92009A9862 /* libphysfs.a */ = {isa = PBXFileReference; lastKnownFileType = archive.ar; name = libphysfs.a; path = ../../Core/Dependencies/lib/libphysfs.a; sourceTree = "<group>"; };
		6DE4C7F313E24B92009A9862 /* libpng15.a */ = {isa = PBXFileReference; lastKnownFileType = archive.ar; name = libpng15.a; path = ../../Core/Dependencies/lib/libpng15.a; sourceTree = "<group>"; };
		6DE4C7F413E24B92009A9862 /* libz.a */ = {isa = PBXFileReference; lastKnownFileType = archive.ar; name = libz.a; path = ../../Core/Dependencies/lib/libz.a; sourceTree = "<group>"; };
/* End PBXFileReference section */

/* Begin PBXFrameworksBuildPhase section */
		6D2800B413760D3E00BD8D0D /* Frameworks */ = {
			isa = PBXFrameworksBuildPhase;
			buildActionMask = 2147483647;
			files = (
				6D2800F613760DE400BD8D0D /* IOKit.framework in Frameworks */,
				6D2800F413760DDA00BD8D0D /* OpenAL.framework in Frameworks */,
				6D2800F213760DD500BD8D0D /* OpenGL.framework in Frameworks */,
				6D2800BC13760D3E00BD8D0D /* Cocoa.framework in Frameworks */,
				6D2800E113760D7400BD8D0D /* libPolyCore.a in Frameworks */,
				6DE4C7F513E24B92009A9862 /* libfreetype.a in Frameworks */,
				6DE4C7F613E24B92009A9862 /* liblibogg.a in Frameworks */,
				6DE4C7F713E24B92009A9862 /* liblibvorbis.a in Frameworks */,
				6DE4C7F813E24B92009A9862 /* liblibvorbisfile.a in Frameworks */,
				6DE4C7F913E24B92009A9862 /* libphysfs.a in Frameworks */,
				6DE4C7FA13E24B92009A9862 /* libpng15.a in Frameworks */,
				6DE4C7FB13E24B92009A9862 /* libz.a in Frameworks */,
			);
			runOnlyForDeploymentPostprocessing = 0;
		};
/* End PBXFrameworksBuildPhase section */

/* Begin PBXGroup section */
		6D2800AC13760D3E00BD8D0D = {
			isa = PBXGroup;
			children = (
				6D2800C113760D3E00BD8D0D /* PolycodeTemplate */,
				6D2800BA13760D3E00BD8D0D /* Frameworks */,
				6D2800B813760D3E00BD8D0D /* Products */,
			);
			sourceTree = "<group>";
		};
		6D2800B813760D3E00BD8D0D /* Products */ = {
			isa = PBXGroup;
			children = (
				6D2800B713760D3E00BD8D0D /* PolycodeTemplate.app */,
			);
			name = Products;
			sourceTree = "<group>";
		};
		6D2800BA13760D3E00BD8D0D /* Frameworks */ = {
			isa = PBXGroup;
			children = (
				6DE4C7EE13E24B92009A9862 /* libfreetype.a */,
				6DE4C7EF13E24B92009A9862 /* liblibogg.a */,
				6DE4C7F013E24B92009A9862 /* liblibvorbis.a */,
				6DE4C7F113E24B92009A9862 /* liblibvorbisfile.a */,
				6DE4C7F213E24B92009A9862 /* libphysfs.a */,
				6DE4C7F313E24B92009A9862 /* libpng15.a */,
				6DE4C7F413E24B92009A9862 /* libz.a */,
				6D2800F513760DE400BD8D0D /* IOKit.framework */,
				6D2800F313760DDA00BD8D0D /* OpenAL.framework */,
				6D2800F113760DD500BD8D0D /* OpenGL.framework */,
				6D2800E013760D7400BD8D0D /* libPolyCore.a */,
				6D2800BB13760D3E00BD8D0D /* Cocoa.framework */,
				6D2800BD13760D3E00BD8D0D /* Other Frameworks */,
			);
			name = Frameworks;
			sourceTree = "<group>";
		};
		6D2800BD13760D3E00BD8D0D /* Other Frameworks */ = {
			isa = PBXGroup;
			children = (
				6D2800BE13760D3E00BD8D0D /* AppKit.framework */,
				6D2800BF13760D3E00BD8D0D /* CoreData.framework */,
				6D2800C013760D3E00BD8D0D /* Foundation.framework */,
			);
			name = "Other Frameworks";
			sourceTree = "<group>";
		};
		6D2800C113760D3E00BD8D0D /* PolycodeTemplate */ = {
			isa = PBXGroup;
			children = (
				6D2800C213760D3E00BD8D0D /* Supporting Files */,
				6D2800FA13760F2C00BD8D0D /* PolycodeTemplateApp.mm */,
				6D2800FB13760F2C00BD8D0D /* PolycodeTemplateApp.h */,
			);
			path = PolycodeTemplate;
			sourceTree = "<group>";
		};
		6D2800C213760D3E00BD8D0D /* Supporting Files */ = {
			isa = PBXGroup;
			children = (
				6D2800FD13760FC400BD8D0D /* default.pak */,
				6D022DE91598EBF30030B45F /* main_icon.icns */,
				6D2800F713760E7C00BD8D0D /* PolycodeView.h */,
				6D2800F813760E7C00BD8D0D /* PolycodeView.mm */,
				6D2800CD13760D3E00BD8D0D /* PolycodeTemplateAppDelegate.h */,
				6D2800CE13760D3E00BD8D0D /* PolycodeTemplateAppDelegate.mm */,
				6D2800D013760D3E00BD8D0D /* MainMenu.xib */,
				6D2800C313760D3E00BD8D0D /* PolycodeTemplate-Info.plist */,
				6D2800C413760D3E00BD8D0D /* InfoPlist.strings */,
				6D2800C713760D3E00BD8D0D /* PolycodeTemplate-Prefix.pch */,
				6D2800C813760D3E00BD8D0D /* main.m */,
				6D2800CA13760D3E00BD8D0D /* Credits.rtf */,
			);
			name = "Supporting Files";
			sourceTree = "<group>";
		};
/* End PBXGroup section */

/* Begin PBXNativeTarget section */
		6D2800B613760D3E00BD8D0D /* PolycodeTemplate */ = {
			isa = PBXNativeTarget;
			buildConfigurationList = 6D2800D513760D3E00BD8D0D /* Build configuration list for PBXNativeTarget "PolycodeTemplate" */;
			buildPhases = (
				6D2800B313760D3E00BD8D0D /* Sources */,
				6D2800B413760D3E00BD8D0D /* Frameworks */,
				6D2800B513760D3E00BD8D0D /* Resources */,
			);
			buildRules = (
			);
			dependencies = (
			);
			name = PolycodeTemplate;
			productName = PolycodeTemplate;
			productReference = 6D2800B713760D3E00BD8D0D /* PolycodeTemplate.app */;
			productType = "com.apple.product-type.application";
		};
/* End PBXNativeTarget section */

/* Begin PBXProject section */
		6D2800AE13760D3E00BD8D0D /* Project object */ = {
			isa = PBXProject;
			attributes = {
				ORGANIZATIONNAME = Tomatogon;
			};
			buildConfigurationList = 6D2800B113760D3E00BD8D0D /* Build configuration list for PBXProject "PolycodeTemplate" */;
			compatibilityVersion = "Xcode 3.2";
			developmentRegion = English;
			hasScannedForEncodings = 0;
			knownRegions = (
				en,
			);
			mainGroup = 6D2800AC13760D3E00BD8D0D;
			productRefGroup = 6D2800B813760D3E00BD8D0D /* Products */;
			projectDirPath = "";
			projectRoot = "";
			targets = (
				6D2800B613760D3E00BD8D0D /* PolycodeTemplate */,
			);
		};
/* End PBXProject section */

/* Begin PBXResourcesBuildPhase section */
		6D2800B513760D3E00BD8D0D /* Resources */ = {
			isa = PBXResourcesBuildPhase;
			buildActionMask = 2147483647;
			files = (
				6D2800C613760D3E00BD8D0D /* InfoPlist.strings in Resources */,
				6D2800CC13760D3E00BD8D0D /* Credits.rtf in Resources */,
				6D2800D213760D3E00BD8D0D /* MainMenu.xib in Resources */,
				6D2800FE13760FC400BD8D0D /* default.pak in Resources */,
				6D022DEA1598EBF30030B45F /* main_icon.icns in Resources */,
			);
			runOnlyForDeploymentPostprocessing = 0;
		};
/* End PBXResourcesBuildPhase section */

/* Begin PBXSourcesBuildPhase section */
		6D2800B313760D3E00BD8D0D /* Sources */ = {
			isa = PBXSourcesBuildPhase;
			buildActionMask = 2147483647;
			files = (
				6D2800C913760D3E00BD8D0D /* main.m in Sources */,
				6D2800CF13760D3E00BD8D0D /* PolycodeTemplateAppDelegate.mm in Sources */,
				6D2800F913760E7C00BD8D0D /* PolycodeView.mm in Sources */,
				6D2800FC13760F2C00BD8D0D /* PolycodeTemplateApp.mm in Sources */,
			);
			runOnlyForDeploymentPostprocessing = 0;
		};
/* End PBXSourcesBuildPhase section */

/* Begin PBXVariantGroup section */
		6D2800C413760D3E00BD8D0D /* InfoPlist.strings */ = {
			isa = PBXVariantGroup;
			children = (
				6D2800C513760D3E00BD8D0D /* en */,
			);
			name = InfoPlist.strings;
			sourceTree = "<group>";
		};
		6D2800CA13760D3E00BD8D0D /* Credits.rtf */ = {
			isa = PBXVariantGroup;
			children = (
				6D2800CB13760D3E00BD8D0D /* en */,
			);
			name = Credits.rtf;
			sourceTree = "<group>";
		};
		6D2800D013760D3E00BD8D0D /* MainMenu.xib */ = {
			isa = PBXVariantGroup;
			children = (
				6D2800D113760D3E00BD8D0D /* en */,
			);
			name = MainMenu.xib;
			sourceTree = "<group>";
		};
/* End PBXVariantGroup section */

/* Begin XCBuildConfiguration section */
		6D2800D313760D3E00BD8D0D /* Debug */ = {
			isa = XCBuildConfiguration;
			buildSettings = {
				ARCHS = "$(ARCHS_STANDARD_32_64_BIT)";
				GCC_C_LANGUAGE_STANDARD = gnu99;
				GCC_OPTIMIZATION_LEVEL = 0;
				GCC_PREPROCESSOR_DEFINITIONS = DEBUG;
				GCC_SYMBOLS_PRIVATE_EXTERN = NO;
				GCC_VERSION = com.apple.compilers.llvm.clang.1_0;
				GCC_WARN_64_TO_32_BIT_CONVERSION = YES;
				GCC_WARN_ABOUT_RETURN_TYPE = YES;
				GCC_WARN_UNUSED_VARIABLE = YES;
				MACOSX_DEPLOYMENT_TARGET = 10.6;
				ONLY_ACTIVE_ARCH = YES;
				SDKROOT = macosx;
			};
			name = Debug;
		};
		6D2800D413760D3E00BD8D0D /* Release */ = {
			isa = XCBuildConfiguration;
			buildSettings = {
				ARCHS = "$(ARCHS_STANDARD_32_64_BIT)";
				GCC_C_LANGUAGE_STANDARD = gnu99;
				GCC_VERSION = com.apple.compilers.llvm.clang.1_0;
				GCC_WARN_64_TO_32_BIT_CONVERSION = YES;
				GCC_WARN_ABOUT_RETURN_TYPE = YES;
				GCC_WARN_UNUSED_VARIABLE = YES;
				MACOSX_DEPLOYMENT_TARGET = 10.6;
				SDKROOT = macosx;
			};
			name = Release;
		};
		6D2800D613760D3E00BD8D0D /* Debug */ = {
			isa = XCBuildConfiguration;
			buildSettings = {
				ALWAYS_SEARCH_USER_PATHS = NO;
				CLANG_CXX_LIBRARY = "libc++";
				COPY_PHASE_STRIP = NO;
				GCC_DYNAMIC_NO_PIC = NO;
				GCC_ENABLE_OBJC_EXCEPTIONS = YES;
				GCC_PRECOMPILE_PREFIX_HEADER = YES;
				GCC_PREFIX_HEADER = "PolycodeTemplate/PolycodeTemplate-Prefix.pch";
				HEADER_SEARCH_PATHS = (
					"\"$(SRCROOT)/../../Core/Include\"",
					"\"$(SRCROOT)/../../Core/Dependencies/Include\"",
					/Developer/SDKs/MacOSX10.6.sdk/System/Library/Frameworks/OpenAL.framework/Headers,
					/Applications/Xcode.app/Contents/Developer/Platforms/MacOSX.platform/Developer/SDKs/MacOSX10.7.sdk/System/Library/Frameworks/OpenAL.framework/Headers,
				);
				INFOPLIST_FILE = "PolycodeTemplate/PolycodeTemplate-Info.plist";
				LIBRARY_SEARCH_PATHS = (
					"$(inherited)",
					"\"$(SRCROOT)/../../Core/Lib\"",
					"\"$(SRCROOT)/../../Dependencies/Lib\"",
					"\"$(SRCROOT)/../../Core/Dependencies/lib\"",
				);
				MACOSX_DEPLOYMENT_TARGET = 10.7;
				PRODUCT_NAME = "$(TARGET_NAME)";
				WRAPPER_EXTENSION = app;
			};
			name = Debug;
		};
		6D2800D713760D3E00BD8D0D /* Release */ = {
			isa = XCBuildConfiguration;
			buildSettings = {
				ALWAYS_SEARCH_USER_PATHS = NO;
				CLANG_CXX_LIBRARY = "libc++";
				COPY_PHASE_STRIP = YES;
				DEBUG_INFORMATION_FORMAT = "dwarf-with-dsym";
				GCC_ENABLE_OBJC_EXCEPTIONS = YES;
				GCC_PRECOMPILE_PREFIX_HEADER = YES;
				GCC_PREFIX_HEADER = "PolycodeTemplate/PolycodeTemplate-Prefix.pch";
				HEADER_SEARCH_PATHS = (
					"\"$(SRCROOT)/../../Core/Include\"",
					"\"$(SRCROOT)/../../Core/Dependencies/Include\"",
					/Developer/SDKs/MacOSX10.6.sdk/System/Library/Frameworks/OpenAL.framework/Headers,
					/Applications/Xcode.app/Contents/Developer/Platforms/MacOSX.platform/Developer/SDKs/MacOSX10.7.sdk/System/Library/Frameworks/OpenAL.framework/Headers,
				);
				INFOPLIST_FILE = "PolycodeTemplate/PolycodeTemplate-Info.plist";
				LIBRARY_SEARCH_PATHS = (
					"$(inherited)",
					"\"$(SRCROOT)/../../Core/Lib\"",
					"\"$(SRCROOT)/../../Dependencies/Lib\"",
					"\"$(SRCROOT)/../../Core/Dependencies/lib\"",
				);
				MACOSX_DEPLOYMENT_TARGET = 10.7;
				PRODUCT_NAME = "$(TARGET_NAME)";
				WRAPPER_EXTENSION = app;
			};
			name = Release;
		};
/* End XCBuildConfiguration section */

/* Begin XCConfigurationList section */
		6D2800B113760D3E00BD8D0D /* Build configuration list for PBXProject "PolycodeTemplate" */ = {
			isa = XCConfigurationList;
			buildConfigurations = (
				6D2800D313760D3E00BD8D0D /* Debug */,
				6D2800D413760D3E00BD8D0D /* Release */,
			);
			defaultConfigurationIsVisible = 0;
			defaultConfigurationName = Release;
		};
		6D2800D513760D3E00BD8D0D /* Build configuration list for PBXNativeTarget "PolycodeTemplate" */ = {
			isa = XCConfigurationList;
			buildConfigurations = (
				6D2800D613760D3E00BD8D0D /* Debug */,
				6D2800D713760D3E00BD8D0D /* Release */,
			);
			defaultConfigurationIsVisible = 0;
			defaultConfigurationName = Release;
		};
/* End XCConfigurationList section */
	};
	rootObject = 6D2800AE13760D3E00BD8D0D /* Project object */;
}
